
Microsoft Visual Studio Solution File, Format Version 12.00
# Visual Studio Version 16
VisualStudioVersion = 16.0.31702.278
MinimumVisualStudioVersion = 10.0.40219.1
Project("{FAE04EC0-301F-11D3-BF4B-00C04F79EFBC}") = "Void Method", "Void Method\Void Method.csproj", "{2CA6F94E-D3D6-47E3-93D5-CC4EA5985A71}"
EndProject
Global
	GlobalSection(SolutionConfigurationPlatforms) = preSolution
		Debug|Any CPU = Debug|Any CPU
		Release|Any CPU = Release|Any CPU
	EndGlobalSection
	GlobalSection(ProjectConfigurationPlatforms) = postSolution
		{2CA6F94E-D3D6-47E3-93D5-CC4EA5985A71}.Debug|Any CPU.ActiveCfg = Debug|Any CPU
		{2CA6F94E-D3D6-47E3-93D5-CC4EA5985A71}.Debug|Any CPU.Build.0 = Debug|Any CPU
		{2CA6F94E-D3D6-47E3-93D5-CC4EA5985A71}.Release|Any CPU.ActiveCfg = Release|Any CPU
		{2CA6F94E-D3D6-47E3-93D5-CC4EA5985A71}.Release|Any CPU.Build.0 = Release|Any CPU
	EndGlobalSection
	GlobalSection(SolutionProperties) = preSolution
		HideSolutionNode = FALSE
	EndGlobalSection
	GlobalSection(ExtensibilityGlobals) = postSolution
		SolutionGuid = {8BE2C7CD-4D7D-4CAE-A2C0-0DE617CFADE7}
	EndGlobalSection
EndGlobal
