
Microsoft Visual Studio Solution File, Format Version 12.00
# Visual Studio Version 16
VisualStudioVersion = 16.0.31624.102
MinimumVisualStudioVersion = 10.0.40219.1
Project("{FAE04EC0-301F-11D3-BF4B-00C04F79EFBC}") = "Exceptions", "Exceptions\Exceptions.csproj", "{DCDDAE40-55CD-4317-91B0-845823CA77CF}"
EndProject
Global
	GlobalSection(SolutionConfigurationPlatforms) = preSolution
		Debug|Any CPU = Debug|Any CPU
		Release|Any CPU = Release|Any CPU
	EndGlobalSection
	GlobalSection(ProjectConfigurationPlatforms) = postSolution
		{DCDDAE40-55CD-4317-91B0-845823CA77CF}.Debug|Any CPU.ActiveCfg = Debug|Any CPU
		{DCDDAE40-55CD-4317-91B0-845823CA77CF}.Debug|Any CPU.Build.0 = Debug|Any CPU
		{DCDDAE40-55CD-4317-91B0-845823CA77CF}.Release|Any CPU.ActiveCfg = Release|Any CPU
		{DCDDAE40-55CD-4317-91B0-845823CA77CF}.Release|Any CPU.Build.0 = Release|Any CPU
	EndGlobalSection
	GlobalSection(SolutionProperties) = preSolution
		HideSolutionNode = FALSE
	EndGlobalSection
	GlobalSection(ExtensibilityGlobals) = postSolution
		SolutionGuid = {077E6D07-48CB-433F-84FD-61E6C3C629B7}
	EndGlobalSection
EndGlobal
